
Microsoft Visual Studio Solution File, Format Version 12.00
# Visual Studio 15
VisualStudioVersion = 15.0.28010.2019
MinimumVisualStudioVersion = 10.0.40219.1
Project("{FAE04EC0-301F-11D3-BF4B-00C04F79EFBC}") = "SitecoreValidationMessaging", "Sitecore Validation Messaging\SitecoreValidationMessaging.csproj", "{165B6C51-B5D2-4F95-A74F-6929E8656019}"
EndProject
Global
	GlobalSection(SolutionConfigurationPlatforms) = preSolution
		Debug|Any CPU = Debug|Any CPU
		Release|Any CPU = Release|Any CPU
	EndGlobalSection
	GlobalSection(ProjectConfigurationPlatforms) = postSolution
		{165B6C51-B5D2-4F95-A74F-6929E8656019}.Debug|Any CPU.ActiveCfg = Debug|Any CPU
		{165B6C51-B5D2-4F95-A74F-6929E8656019}.Debug|Any CPU.Build.0 = Debug|Any CPU
		{165B6C51-B5D2-4F95-A74F-6929E8656019}.Release|Any CPU.ActiveCfg = Release|Any CPU
		{165B6C51-B5D2-4F95-A74F-6929E8656019}.Release|Any CPU.Build.0 = Release|Any CPU
	EndGlobalSection
	GlobalSection(SolutionProperties) = preSolution
		HideSolutionNode = FALSE
	EndGlobalSection
	GlobalSection(ExtensibilityGlobals) = postSolution
		SolutionGuid = {A11D8DB4-3977-431B-A4EF-E91BBD3C02E7}
	EndGlobalSection
EndGlobal
